
Microsoft Visual Studio Solution File, Format Version 12.00
# Visual Studio Version 17
VisualStudioVersion = 17.4.33103.184
MinimumVisualStudioVersion = 10.0.40219.1
Project("{FAE04EC0-301F-11D3-BF4B-00C04F79EFBC}") = "Task1", "Task1\Task1.csproj", "{3FE49AA3-8584-443F-AF58-7087A612192E}"
EndProject
Global
	GlobalSection(SolutionConfigurationPlatforms) = preSolution
		Debug|Any CPU = Debug|Any CPU
		Release|Any CPU = Release|Any CPU
	EndGlobalSection
	GlobalSection(ProjectConfigurationPlatforms) = postSolution
		{3FE49AA3-8584-443F-AF58-7087A612192E}.Debug|Any CPU.ActiveCfg = Debug|Any CPU
		{3FE49AA3-8584-443F-AF58-7087A612192E}.Debug|Any CPU.Build.0 = Debug|Any CPU
		{3FE49AA3-8584-443F-AF58-7087A612192E}.Release|Any CPU.ActiveCfg = Release|Any CPU
		{3FE49AA3-8584-443F-AF58-7087A612192E}.Release|Any CPU.Build.0 = Release|Any CPU
	EndGlobalSection
	GlobalSection(SolutionProperties) = preSolution
		HideSolutionNode = FALSE
	EndGlobalSection
	GlobalSection(ExtensibilityGlobals) = postSolution
		SolutionGuid = {B593A547-0514-4675-8593-3B6086ACAA36}
	EndGlobalSection
EndGlobal
